Microsoft Visual Studio Solution File, Format Version 12.00
# Visual Studio Version 17
VisualStudioVersion = 17.5.2.0
MinimumVisualStudioVersion = 10.0.40219.1
Project("{2150E333-8FDC-42A3-9474-1A3956D46DE8}") = "Start", "Start", "{0DDFEE7A-7BCD-3041-7B42-1A6119DEFF0B}"
EndProject
Project("{2150E333-8FDC-42A3-9474-1A3956D46DE8}") = "Finished", "Finished", "{B8031A34-B0AE-8DE2-16B1-DD24E562D97B}"
EndProject
Project("{2150E333-8FDC-42A3-9474-1A3956D46DE8}") = "Ch1_Intro", "Ch1_Intro", "{5A290FBC-AEFB-2D0F-AD8A-0D9BE0FBE1DB}"
EndProject
Project("{FAE04EC0-301F-11D3-BF4B-00C04F79EFBC}") = "Basic", "Start\Ch1_Intro\Basic\Basic.csproj", "{B68BAFA0-0794-7780-AB04-11455EA7EBCF}"
EndProject
Project("{2150E333-8FDC-42A3-9474-1A3956D46DE8}") = "Ch2_Basic", "Ch2_Basic", "{5779654F-8E7E-D204-A61A-C397D58B37AE}"
EndProject
Project("{FAE04EC0-301F-11D3-BF4B-00C04F79EFBC}") = "LinkedList", "Start\Ch2_Basic\LinkedList\LinkedList.csproj", "{D3BD916E-300A-0B37-771F-0412B199CF6D}"
EndProject
Project("{FAE04EC0-301F-11D3-BF4B-00C04F79EFBC}") = "List", "Start\Ch2_Basic\List\List.csproj", "{9B6EA68A-61BB-CB05-3C5A-68DD4DE0078F}"
EndProject
Project("{FAE04EC0-301F-11D3-BF4B-00C04F79EFBC}") = "Challenge", "Start\Ch2_Basic\Challenge\Challenge.csproj", "{80F8FD48-72D6-9DDF-C385-32381411AA67}"
EndProject
Project("{2150E333-8FDC-42A3-9474-1A3956D46DE8}") = "Ch3_Advanced", "Ch3_Advanced", "{9DF956E9-8498-48EB-4233-B471479F9F3A}"
EndProject
Project("{FAE04EC0-301F-11D3-BF4B-00C04F79EFBC}") = "Stack", "Start\Ch3_Advanced\Stack\Stack.csproj", "{25665416-1836-F57B-B559-C2EC578A0BE6}"
EndProject
Project("{FAE04EC0-301F-11D3-BF4B-00C04F79EFBC}") = "Challenge", "Start\Ch3_Advanced\Challenge\Challenge.csproj", "{6D0D2A41-2EEC-2489-0D92-8A9A325535C1}"
EndProject
Project("{FAE04EC0-301F-11D3-BF4B-00C04F79EFBC}") = "Queue", "Start\Ch3_Advanced\Queue\Queue.csproj", "{B3323ECE-E698-29CF-77B7-2347E3BDD957}"
EndProject
Project("{FAE04EC0-301F-11D3-BF4B-00C04F79EFBC}") = "Dictionary", "Start\Ch3_Advanced\Dictionary\Dictionary.csproj", "{247C8656-81D3-E61D-A462-263A1EC820E6}"
EndProject
Project("{2150E333-8FDC-42A3-9474-1A3956D46DE8}") = "Ch4_Specialized", "Ch4_Specialized", "{8ACBCDC9-04D3-791C-D996-2A82BD7F4F51}"
EndProject
Project("{FAE04EC0-301F-11D3-BF4B-00C04F79EFBC}") = "OrderedDictExample", "Start\Ch4_Specialized\OrderedDictExample\OrderedDictExample.csproj", "{76019015-DE3F-87B6-BA24-145F4ADAEF6F}"
EndProject
Project("{FAE04EC0-301F-11D3-BF4B-00C04F79EFBC}") = "HybridDictExample", "Start\Ch4_Specialized\HybridDictExample\HybridDictExample.csproj", "{74B8B872-7E4E-2BC9-C396-1BF5E04AC9A8}"
EndProject
Project("{FAE04EC0-301F-11D3-BF4B-00C04F79EFBC}") = "StringCollection", "Start\Ch4_Specialized\StringCollection\StringCollection.csproj", "{582B474A-60CE-97F9-DA64-AB704400E553}"
EndProject
Project("{FAE04EC0-301F-11D3-BF4B-00C04F79EFBC}") = "Challenge", "Start\Ch4_Specialized\Challenge\Challenge.csproj", "{F2E34792-3B9E-4116-FF8A-4C8AF3C35DE6}"
EndProject
Project("{FAE04EC0-301F-11D3-BF4B-00C04F79EFBC}") = "StringBuilder", "Start\Ch4_Specialized\StringBuilder\StringBuilder.csproj", "{37A1CBDE-4636-AE24-9B45-6E65BF53136A}"
EndProject
Project("{2150E333-8FDC-42A3-9474-1A3956D46DE8}") = "Ch1_Intro", "Ch1_Intro", "{1431C718-9879-9FD2-1713-6559A888DB12}"
EndProject
Project("{FAE04EC0-301F-11D3-BF4B-00C04F79EFBC}") = "Basic", "Finished\Ch1_Intro\Basic\Basic.csproj", "{D40294FD-F11F-95D0-3EED-BFFD724D00CE}"
EndProject
Project("{2150E333-8FDC-42A3-9474-1A3956D46DE8}") = "Ch2_Basic", "Ch2_Basic", "{D7ABAD04-93DB-E0AA-66C6-2B1D218C97FD}"
EndProject
Project("{FAE04EC0-301F-11D3-BF4B-00C04F79EFBC}") = "LinkedList", "Finished\Ch2_Basic\LinkedList\LinkedList.csproj", "{02F220BC-8AAC-0335-EDA0-462785317307}"
EndProject
Project("{FAE04EC0-301F-11D3-BF4B-00C04F79EFBC}") = "List", "Finished\Ch2_Basic\List\List.csproj", "{FA025630-D1C8-1FCB-DC59-A116983A648E}"
EndProject
Project("{FAE04EC0-301F-11D3-BF4B-00C04F79EFBC}") = "Challenge", "Finished\Ch2_Basic\Challenge\Challenge.csproj", "{E9EFE7E8-399E-1BAF-8B38-E3B4C99E95AC}"
EndProject
Project("{2150E333-8FDC-42A3-9474-1A3956D46DE8}") = "Ch3_Advanced", "Ch3_Advanced", "{E808BC74-ACF3-4AFC-0236-E1D4505B2AE5}"
EndProject
Project("{FAE04EC0-301F-11D3-BF4B-00C04F79EFBC}") = "Stack", "Finished\Ch3_Advanced\Stack\Stack.csproj", "{1B0673AC-5096-E617-2226-E41CCA88B4C7}"
EndProject
Project("{FAE04EC0-301F-11D3-BF4B-00C04F79EFBC}") = "Challenge", "Finished\Ch3_Advanced\Challenge\Challenge.csproj", "{F2DE7F02-F615-272F-102F-C5E0ECE08F07}"
EndProject
Project("{FAE04EC0-301F-11D3-BF4B-00C04F79EFBC}") = "Queue", "Finished\Ch3_Advanced\Queue\Queue.csproj", "{0FED2D62-0C6C-F0C1-957E-4BE563E227DE}"
EndProject
Project("{FAE04EC0-301F-11D3-BF4B-00C04F79EFBC}") = "Dictionary", "Finished\Ch3_Advanced\Dictionary\Dictionary.csproj", "{DF709690-1FF0-0C33-1D98-A2EBBE2DB0D3}"
EndProject
Project("{2150E333-8FDC-42A3-9474-1A3956D46DE8}") = "Ch4_Specialized", "Ch4_Specialized", "{3E38CCDF-CAB2-4343-91A9-45F199643B9D}"
EndProject
Project("{FAE04EC0-301F-11D3-BF4B-00C04F79EFBC}") = "OrderedDictExample", "Finished\Ch4_Specialized\OrderedDictExample\OrderedDictExample.csproj", "{856959C9-6EBB-09DB-C372-ACD4B349B71E}"
EndProject
Project("{FAE04EC0-301F-11D3-BF4B-00C04F79EFBC}") = "HybridDictExample", "Finished\Ch4_Specialized\HybridDictExample\HybridDictExample.csproj", "{2239A9FE-8B7C-09EB-4429-71F667023DE5}"
EndProject
Project("{FAE04EC0-301F-11D3-BF4B-00C04F79EFBC}") = "StringCollection", "Finished\Ch4_Specialized\StringCollection\StringCollection.csproj", "{130FDF27-DF01-56DF-A168-E0F3BE46E928}"
EndProject
Project("{FAE04EC0-301F-11D3-BF4B-00C04F79EFBC}") = "Challenge", "Finished\Ch4_Specialized\Challenge\Challenge.csproj", "{EA9455EB-4D1C-E958-FD84-33645C8D141B}"
EndProject
Project("{FAE04EC0-301F-11D3-BF4B-00C04F79EFBC}") = "StringBuilder", "Finished\Ch4_Specialized\StringBuilder\StringBuilder.csproj", "{45F7CF5D-D8B0-72F6-85B9-DB1A07661716}"
EndProject
Global
	GlobalSection(SolutionConfigurationPlatforms) = preSolution
		Debug|Any CPU = Debug|Any CPU
		Release|Any CPU = Release|Any CPU
	EndGlobalSection
	GlobalSection(ProjectConfigurationPlatforms) = postSolution
		{B68BAFA0-0794-7780-AB04-11455EA7EBCF}.Debug|Any CPU.ActiveCfg = Debug|Any CPU
		{B68BAFA0-0794-7780-AB04-11455EA7EBCF}.Debug|Any CPU.Build.0 = Debug|Any CPU
		{B68BAFA0-0794-7780-AB04-11455EA7EBCF}.Release|Any CPU.ActiveCfg = Release|Any CPU
		{B68BAFA0-0794-7780-AB04-11455EA7EBCF}.Release|Any CPU.Build.0 = Release|Any CPU
		{D3BD916E-300A-0B37-771F-0412B199CF6D}.Debug|Any CPU.ActiveCfg = Debug|Any CPU
		{D3BD916E-300A-0B37-771F-0412B199CF6D}.Debug|Any CPU.Build.0 = Debug|Any CPU
		{D3BD916E-300A-0B37-771F-0412B199CF6D}.Release|Any CPU.ActiveCfg = Release|Any CPU
		{D3BD916E-300A-0B37-771F-0412B199CF6D}.Release|Any CPU.Build.0 = Release|Any CPU
		{9B6EA68A-61BB-CB05-3C5A-68DD4DE0078F}.Debug|Any CPU.ActiveCfg = Debug|Any CPU
		{9B6EA68A-61BB-CB05-3C5A-68DD4DE0078F}.Debug|Any CPU.Build.0 = Debug|Any CPU
		{9B6EA68A-61BB-CB05-3C5A-68DD4DE0078F}.Release|Any CPU.ActiveCfg = Release|Any CPU
		{9B6EA68A-61BB-CB05-3C5A-68DD4DE0078F}.Release|Any CPU.Build.0 = Release|Any CPU
		{80F8FD48-72D6-9DDF-C385-32381411AA67}.Debug|Any CPU.ActiveCfg = Debug|Any CPU
		{80F8FD48-72D6-9DDF-C385-32381411AA67}.Debug|Any CPU.Build.0 = Debug|Any CPU
		{80F8FD48-72D6-9DDF-C385-32381411AA67}.Release|Any CPU.ActiveCfg = Release|Any CPU
		{80F8FD48-72D6-9DDF-C385-32381411AA67}.Release|Any CPU.Build.0 = Release|Any CPU
		{25665416-1836-F57B-B559-C2EC578A0BE6}.Debug|Any CPU.ActiveCfg = Debug|Any CPU
		{25665416-1836-F57B-B559-C2EC578A0BE6}.Debug|Any CPU.Build.0 = Debug|Any CPU
		{25665416-1836-F57B-B559-C2EC578A0BE6}.Release|Any CPU.ActiveCfg = Release|Any CPU
		{25665416-1836-F57B-B559-C2EC578A0BE6}.Release|Any CPU.Build.0 = Release|Any CPU
		{6D0D2A41-2EEC-2489-0D92-8A9A325535C1}.Debug|Any CPU.ActiveCfg = Debug|Any CPU
		{6D0D2A41-2EEC-2489-0D92-8A9A325535C1}.Debug|Any CPU.Build.0 = Debug|Any CPU
		{6D0D2A41-2EEC-2489-0D92-8A9A325535C1}.Release|Any CPU.ActiveCfg = Release|Any CPU
		{6D0D2A41-2EEC-2489-0D92-8A9A325535C1}.Release|Any CPU.Build.0 = Release|Any CPU
		{B3323ECE-E698-29CF-77B7-2347E3BDD957}.Debug|Any CPU.ActiveCfg = Debug|Any CPU
		{B3323ECE-E698-29CF-77B7-2347E3BDD957}.Debug|Any CPU.Build.0 = Debug|Any CPU
		{B3323ECE-E698-29CF-77B7-2347E3BDD957}.Release|Any CPU.ActiveCfg = Release|Any CPU
		{B3323ECE-E698-29CF-77B7-2347E3BDD957}.Release|Any CPU.Build.0 = Release|Any CPU
		{247C8656-81D3-E61D-A462-263A1EC820E6}.Debug|Any CPU.ActiveCfg = Debug|Any CPU
		{247C8656-81D3-E61D-A462-263A1EC820E6}.Debug|Any CPU.Build.0 = Debug|Any CPU
		{247C8656-81D3-E61D-A462-263A1EC820E6}.Release|Any CPU.ActiveCfg = Release|Any CPU
		{247C8656-81D3-E61D-A462-263A1EC820E6}.Release|Any CPU.Build.0 = Release|Any CPU
		{76019015-DE3F-87B6-BA24-145F4ADAEF6F}.Debug|Any CPU.ActiveCfg = Debug|Any CPU
		{76019015-DE3F-87B6-BA24-145F4ADAEF6F}.Debug|Any CPU.Build.0 = Debug|Any CPU
		{76019015-DE3F-87B6-BA24-145F4ADAEF6F}.Release|Any CPU.ActiveCfg = Release|Any CPU
		{76019015-DE3F-87B6-BA24-145F4ADAEF6F}.Release|Any CPU.Build.0 = Release|Any CPU
		{74B8B872-7E4E-2BC9-C396-1BF5E04AC9A8}.Debug|Any CPU.ActiveCfg = Debug|Any CPU
		{74B8B872-7E4E-2BC9-C396-1BF5E04AC9A8}.Debug|Any CPU.Build.0 = Debug|Any CPU
		{74B8B872-7E4E-2BC9-C396-1BF5E04AC9A8}.Release|Any CPU.ActiveCfg = Release|Any CPU
		{74B8B872-7E4E-2BC9-C396-1BF5E04AC9A8}.Release|Any CPU.Build.0 = Release|Any CPU
		{582B474A-60CE-97F9-DA64-AB704400E553}.Debug|Any CPU.ActiveCfg = Debug|Any CPU
		{582B474A-60CE-97F9-DA64-AB704400E553}.Debug|Any CPU.Build.0 = Debug|Any CPU
		{582B474A-60CE-97F9-DA64-AB704400E553}.Release|Any CPU.ActiveCfg = Release|Any CPU
		{582B474A-60CE-97F9-DA64-AB704400E553}.Release|Any CPU.Build.0 = Release|Any CPU
		{F2E34792-3B9E-4116-FF8A-4C8AF3C35DE6}.Debug|Any CPU.ActiveCfg = Debug|Any CPU
		{F2E34792-3B9E-4116-FF8A-4C8AF3C35DE6}.Debug|Any CPU.Build.0 = Debug|Any CPU
		{F2E34792-3B9E-4116-FF8A-4C8AF3C35DE6}.Release|Any CPU.ActiveCfg = Release|Any CPU
		{F2E34792-3B9E-4116-FF8A-4C8AF3C35DE6}.Release|Any CPU.Build.0 = Release|Any CPU
		{37A1CBDE-4636-AE24-9B45-6E65BF53136A}.Debug|Any CPU.ActiveCfg = Debug|Any CPU
		{37A1CBDE-4636-AE24-9B45-6E65BF53136A}.Debug|Any CPU.Build.0 = Debug|Any CPU
		{37A1CBDE-4636-AE24-9B45-6E65BF53136A}.Release|Any CPU.ActiveCfg = Release|Any CPU
		{37A1CBDE-4636-AE24-9B45-6E65BF53136A}.Release|Any CPU.Build.0 = Release|Any CPU
		{D40294FD-F11F-95D0-3EED-BFFD724D00CE}.Debug|Any CPU.ActiveCfg = Debug|Any CPU
		{D40294FD-F11F-95D0-3EED-BFFD724D00CE}.Debug|Any CPU.Build.0 = Debug|Any CPU
		{D40294FD-F11F-95D0-3EED-BFFD724D00CE}.Release|Any CPU.ActiveCfg = Release|Any CPU
		{D40294FD-F11F-95D0-3EED-BFFD724D00CE}.Release|Any CPU.Build.0 = Release|Any CPU
		{02F220BC-8AAC-0335-EDA0-462785317307}.Debug|Any CPU.ActiveCfg = Debug|Any CPU
		{02F220BC-8AAC-0335-EDA0-462785317307}.Debug|Any CPU.Build.0 = Debug|Any CPU
		{02F220BC-8AAC-0335-EDA0-462785317307}.Release|Any CPU.ActiveCfg = Release|Any CPU
		{02F220BC-8AAC-0335-EDA0-462785317307}.Release|Any CPU.Build.0 = Release|Any CPU
		{FA025630-D1C8-1FCB-DC59-A116983A648E}.Debug|Any CPU.ActiveCfg = Debug|Any CPU
		{FA025630-D1C8-1FCB-DC59-A116983A648E}.Debug|Any CPU.Build.0 = Debug|Any CPU
		{FA025630-D1C8-1FCB-DC59-A116983A648E}.Release|Any CPU.ActiveCfg = Release|Any CPU
		{FA025630-D1C8-1FCB-DC59-A116983A648E}.Release|Any CPU.Build.0 = Release|Any CPU
		{E9EFE7E8-399E-1BAF-8B38-E3B4C99E95AC}.Debug|Any CPU.ActiveCfg = Debug|Any CPU
		{E9EFE7E8-399E-1BAF-8B38-E3B4C99E95AC}.Debug|Any CPU.Build.0 = Debug|Any CPU
		{E9EFE7E8-399E-1BAF-8B38-E3B4C99E95AC}.Release|Any CPU.ActiveCfg = Release|Any CPU
		{E9EFE7E8-399E-1BAF-8B38-E3B4C99E95AC}.Release|Any CPU.Build.0 = Release|Any CPU
		{1B0673AC-5096-E617-2226-E41CCA88B4C7}.Debug|Any CPU.ActiveCfg = Debug|Any CPU
		{1B0673AC-5096-E617-2226-E41CCA88B4C7}.Debug|Any CPU.Build.0 = Debug|Any CPU
		{1B0673AC-5096-E617-2226-E41CCA88B4C7}.Release|Any CPU.ActiveCfg = Release|Any CPU
		{1B0673AC-5096-E617-2226-E41CCA88B4C7}.Release|Any CPU.Build.0 = Release|Any CPU
		{F2DE7F02-F615-272F-102F-C5E0ECE08F07}.Debug|Any CPU.ActiveCfg = Debug|Any CPU
		{F2DE7F02-F615-272F-102F-C5E0ECE08F07}.Debug|Any CPU.Build.0 = Debug|Any CPU
		{F2DE7F02-F615-272F-102F-C5E0ECE08F07}.Release|Any CPU.ActiveCfg = Release|Any CPU
		{F2DE7F02-F615-272F-102F-C5E0ECE08F07}.Release|Any CPU.Build.0 = Release|Any CPU
		{0FED2D62-0C6C-F0C1-957E-4BE563E227DE}.Debug|Any CPU.ActiveCfg = Debug|Any CPU
		{0FED2D62-0C6C-F0C1-957E-4BE563E227DE}.Debug|Any CPU.Build.0 = Debug|Any CPU
		{0FED2D62-0C6C-F0C1-957E-4BE563E227DE}.Release|Any CPU.ActiveCfg = Release|Any CPU
		{0FED2D62-0C6C-F0C1-957E-4BE563E227DE}.Release|Any CPU.Build.0 = Release|Any CPU
		{DF709690-1FF0-0C33-1D98-A2EBBE2DB0D3}.Debug|Any CPU.ActiveCfg = Debug|Any CPU
		{DF709690-1FF0-0C33-1D98-A2EBBE2DB0D3}.Debug|Any CPU.Build.0 = Debug|Any CPU
		{DF709690-1FF0-0C33-1D98-A2EBBE2DB0D3}.Release|Any CPU.ActiveCfg = Release|Any CPU
		{DF709690-1FF0-0C33-1D98-A2EBBE2DB0D3}.Release|Any CPU.Build.0 = Release|Any CPU
		{856959C9-6EBB-09DB-C372-ACD4B349B71E}.Debug|Any CPU.ActiveCfg = Debug|Any CPU
		{856959C9-6EBB-09DB-C372-ACD4B349B71E}.Debug|Any CPU.Build.0 = Debug|Any CPU
		{856959C9-6EBB-09DB-C372-ACD4B349B71E}.Release|Any CPU.ActiveCfg = Release|Any CPU
		{856959C9-6EBB-09DB-C372-ACD4B349B71E}.Release|Any CPU.Build.0 = Release|Any CPU
		{2239A9FE-8B7C-09EB-4429-71F667023DE5}.Debug|Any CPU.ActiveCfg = Debug|Any CPU
		{2239A9FE-8B7C-09EB-4429-71F667023DE5}.Debug|Any CPU.Build.0 = Debug|Any CPU
		{2239A9FE-8B7C-09EB-4429-71F667023DE5}.Release|Any CPU.ActiveCfg = Release|Any CPU
		{2239A9FE-8B7C-09EB-4429-71F667023DE5}.Release|Any CPU.Build.0 = Release|Any CPU
		{130FDF27-DF01-56DF-A168-E0F3BE46E928}.Debug|Any CPU.ActiveCfg = Debug|Any CPU
		{130FDF27-DF01-56DF-A168-E0F3BE46E928}.Debug|Any CPU.Build.0 = Debug|Any CPU
		{130FDF27-DF01-56DF-A168-E0F3BE46E928}.Release|Any CPU.ActiveCfg = Release|Any CPU
		{130FDF27-DF01-56DF-A168-E0F3BE46E928}.Release|Any CPU.Build.0 = Release|Any CPU
		{EA9455EB-4D1C-E958-FD84-33645C8D141B}.Debug|Any CPU.ActiveCfg = Debug|Any CPU
		{EA9455EB-4D1C-E958-FD84-33645C8D141B}.Debug|Any CPU.Build.0 = Debug|Any CPU
		{EA9455EB-4D1C-E958-FD84-33645C8D141B}.Release|Any CPU.ActiveCfg = Release|Any CPU
		{EA9455EB-4D1C-E958-FD84-33645C8D141B}.Release|Any CPU.Build.0 = Release|Any CPU
		{45F7CF5D-D8B0-72F6-85B9-DB1A07661716}.Debug|Any CPU.ActiveCfg = Debug|Any CPU
		{45F7CF5D-D8B0-72F6-85B9-DB1A07661716}.Debug|Any CPU.Build.0 = Debug|Any CPU
		{45F7CF5D-D8B0-72F6-85B9-DB1A07661716}.Release|Any CPU.ActiveCfg = Release|Any CPU
		{45F7CF5D-D8B0-72F6-85B9-DB1A07661716}.Release|Any CPU.Build.0 = Release|Any CPU
	EndGlobalSection
	GlobalSection(SolutionProperties) = preSolution
		HideSolutionNode = FALSE
	EndGlobalSection
	GlobalSection(NestedProjects) = preSolution
		{5A290FBC-AEFB-2D0F-AD8A-0D9BE0FBE1DB} = {0DDFEE7A-7BCD-3041-7B42-1A6119DEFF0B}
		{B68BAFA0-0794-7780-AB04-11455EA7EBCF} = {5A290FBC-AEFB-2D0F-AD8A-0D9BE0FBE1DB}
		{5779654F-8E7E-D204-A61A-C397D58B37AE} = {0DDFEE7A-7BCD-3041-7B42-1A6119DEFF0B}
		{D3BD916E-300A-0B37-771F-0412B199CF6D} = {5779654F-8E7E-D204-A61A-C397D58B37AE}
		{9B6EA68A-61BB-CB05-3C5A-68DD4DE0078F} = {5779654F-8E7E-D204-A61A-C397D58B37AE}
		{80F8FD48-72D6-9DDF-C385-32381411AA67} = {5779654F-8E7E-D204-A61A-C397D58B37AE}
		{9DF956E9-8498-48EB-4233-B471479F9F3A} = {0DDFEE7A-7BCD-3041-7B42-1A6119DEFF0B}
		{25665416-1836-F57B-B559-C2EC578A0BE6} = {9DF956E9-8498-48EB-4233-B471479F9F3A}
		{6D0D2A41-2EEC-2489-0D92-8A9A325535C1} = {9DF956E9-8498-48EB-4233-B471479F9F3A}
		{B3323ECE-E698-29CF-77B7-2347E3BDD957} = {9DF956E9-8498-48EB-4233-B471479F9F3A}
		{247C8656-81D3-E61D-A462-263A1EC820E6} = {9DF956E9-8498-48EB-4233-B471479F9F3A}
		{8ACBCDC9-04D3-791C-D996-2A82BD7F4F51} = {0DDFEE7A-7BCD-3041-7B42-1A6119DEFF0B}
		{76019015-DE3F-87B6-BA24-145F4ADAEF6F} = {8ACBCDC9-04D3-791C-D996-2A82BD7F4F51}
		{74B8B872-7E4E-2BC9-C396-1BF5E04AC9A8} = {8ACBCDC9-04D3-791C-D996-2A82BD7F4F51}
		{582B474A-60CE-97F9-DA64-AB704400E553} = {8ACBCDC9-04D3-791C-D996-2A82BD7F4F51}
		{F2E34792-3B9E-4116-FF8A-4C8AF3C35DE6} = {8ACBCDC9-04D3-791C-D996-2A82BD7F4F51}
		{37A1CBDE-4636-AE24-9B45-6E65BF53136A} = {8ACBCDC9-04D3-791C-D996-2A82BD7F4F51}
		{1431C718-9879-9FD2-1713-6559A888DB12} = {B8031A34-B0AE-8DE2-16B1-DD24E562D97B}
		{D40294FD-F11F-95D0-3EED-BFFD724D00CE} = {1431C718-9879-9FD2-1713-6559A888DB12}
		{D7ABAD04-93DB-E0AA-66C6-2B1D218C97FD} = {B8031A34-B0AE-8DE2-16B1-DD24E562D97B}
		{02F220BC-8AAC-0335-EDA0-462785317307} = {D7ABAD04-93DB-E0AA-66C6-2B1D218C97FD}
		{FA025630-D1C8-1FCB-DC59-A116983A648E} = {D7ABAD04-93DB-E0AA-66C6-2B1D218C97FD}
		{E9EFE7E8-399E-1BAF-8B38-E3B4C99E95AC} = {D7ABAD04-93DB-E0AA-66C6-2B1D218C97FD}
		{E808BC74-ACF3-4AFC-0236-E1D4505B2AE5} = {B8031A34-B0AE-8DE2-16B1-DD24E562D97B}
		{1B0673AC-5096-E617-2226-E41CCA88B4C7} = {E808BC74-ACF3-4AFC-0236-E1D4505B2AE5}
		{F2DE7F02-F615-272F-102F-C5E0ECE08F07} = {E808BC74-ACF3-4AFC-0236-E1D4505B2AE5}
		{0FED2D62-0C6C-F0C1-957E-4BE563E227DE} = {E808BC74-ACF3-4AFC-0236-E1D4505B2AE5}
		{DF709690-1FF0-0C33-1D98-A2EBBE2DB0D3} = {E808BC74-ACF3-4AFC-0236-E1D4505B2AE5}
		{3E38CCDF-CAB2-4343-91A9-45F199643B9D} = {B8031A34-B0AE-8DE2-16B1-DD24E562D97B}
		{856959C9-6EBB-09DB-C372-ACD4B349B71E} = {3E38CCDF-CAB2-4343-91A9-45F199643B9D}
		{2239A9FE-8B7C-09EB-4429-71F667023DE5} = {3E38CCDF-CAB2-4343-91A9-45F199643B9D}
		{130FDF27-DF01-56DF-A168-E0F3BE46E928} = {3E38CCDF-CAB2-4343-91A9-45F199643B9D}
		{EA9455EB-4D1C-E958-FD84-33645C8D141B} = {3E38CCDF-CAB2-4343-91A9-45F199643B9D}
		{45F7CF5D-D8B0-72F6-85B9-DB1A07661716} = {3E38CCDF-CAB2-4343-91A9-45F199643B9D}
	EndGlobalSection
	GlobalSection(ExtensibilityGlobals) = postSolution
		SolutionGuid = {63F2CF4B-08D5-4C68-AAF9-1003F6B75CF6}
	EndGlobalSection
EndGlobal
